
Microsoft Visual Studio Solution File, Format Version 12.00
# Visual Studio Version 17
VisualStudioVersion = 17.3.32929.385
MinimumVisualStudioVersion = 10.0.40219.1
Project("{FAE04EC0-301F-11D3-BF4B-00C04F79EFBC}") = "DemoAPITest", "DemoAPITest\DemoAPITest.csproj", "{2B0C2DF3-2D87-4FAA-B30F-D9571DE42E39}"
EndProject
Global
	GlobalSection(SolutionConfigurationPlatforms) = preSolution
		Debug|Any CPU = Debug|Any CPU
		Release|Any CPU = Release|Any CPU
	EndGlobalSection
	GlobalSection(ProjectConfigurationPlatforms) = postSolution
		{2B0C2DF3-2D87-4FAA-B30F-D9571DE42E39}.Debug|Any CPU.ActiveCfg = Debug|Any CPU
		{2B0C2DF3-2D87-4FAA-B30F-D9571DE42E39}.Debug|Any CPU.Build.0 = Debug|Any CPU
		{2B0C2DF3-2D87-4FAA-B30F-D9571DE42E39}.Release|Any CPU.ActiveCfg = Release|Any CPU
		{2B0C2DF3-2D87-4FAA-B30F-D9571DE42E39}.Release|Any CPU.Build.0 = Release|Any CPU
	EndGlobalSection
	GlobalSection(SolutionProperties) = preSolution
		HideSolutionNode = FALSE
	EndGlobalSection
	GlobalSection(ExtensibilityGlobals) = postSolution
		SolutionGuid = {AC049AB3-4D6E-429A-B867-539E69ED8B24}
	EndGlobalSection
EndGlobal
